{
  "originHash" : "062b23b7adcf74870a61b17bba75a7007cdde7a9908adf96de7693e396760c56",
  "pins" : [
    {
      "identity" : "swiftmcp",
      "kind" : "remoteSourceControl",
      "location" : "https://github.com/axiom-orient/swiftMcp.git",
      "state" : {
        "revision" : "c649da217870a3e60286a11f87ddc739d9a0ce98",
        "version" : "0.4.2"
      }
    }
  ],
  "version" : 3
}
